Microsoft Visual Studio Solution File, Format Version 12.00
# Visual Studio Version 16
VisualStudioVersion = 16.0.30804.86
MinimumVisualStudioVersion = 10.0.40219.1
Project("{8BC9CEB8-8B4A-11D0-8D11-00A0C91BC942}") = "MPQDraft", "MPQDraft.vcxproj", "{49EBF0D9-0D65-44D5-8E37-67B7F3F3B054}"
EndProject
Project("{8BC9CEB8-8B4A-11D0-8D11-00A0C91BC942}") = "MPQDraftDLL", "DLL\MPQDraftDLL.vcxproj", "{77D73E31-6D14-45C9-87DD-32A519213FF6}"
EndProject
Project("{8BC9CEB8-8B4A-11D0-8D11-00A0C91BC942}") = "MPQStub", "Stub\MPQStub.vcxproj", "{C7E295B1-0AA2-4B15-927F-89E725474860}"
EndProject
Project("{2150E333-8FDC-42A3-9474-1A3956D46DE8}") = "Solution Items", "Solution Items", "{56100796-CCF3-4833-8D0C-E9BA645B4687}"
	ProjectSection(SolutionItems) = preProject
		..\README.md = ..\README.md
	EndProjectSection
EndProject
Global
	GlobalSection(SolutionConfigurationPlatforms) = preSolution
		Debug|Win32 = Debug|Win32
		Release|Win32 = Release|Win32
	EndGlobalSection
	GlobalSection(ProjectConfigurationPlatforms) = postSolution
		{49EBF0D9-0D65-44D5-8E37-67B7F3F3B054}.Debug|Win32.ActiveCfg = Debug|Win32
		{49EBF0D9-0D65-44D5-8E37-67B7F3F3B054}.Debug|Win32.Build.0 = Debug|Win32
		{49EBF0D9-0D65-44D5-8E37-67B7F3F3B054}.Release|Win32.ActiveCfg = Release|Win32
		{49EBF0D9-0D65-44D5-8E37-67B7F3F3B054}.Release|Win32.Build.0 = Release|Win32
		{77D73E31-6D14-45C9-87DD-32A519213FF6}.Debug|Win32.ActiveCfg = Debug|Win32
		{77D73E31-6D14-45C9-87DD-32A519213FF6}.Debug|Win32.Build.0 = Debug|Win32
		{77D73E31-6D14-45C9-87DD-32A519213FF6}.Release|Win32.ActiveCfg = Release|Win32
		{77D73E31-6D14-45C9-87DD-32A519213FF6}.Release|Win32.Build.0 = Release|Win32
		{C7E295B1-0AA2-4B15-927F-89E725474860}.Debug|Win32.ActiveCfg = Debug|Win32
		{C7E295B1-0AA2-4B15-927F-89E725474860}.Debug|Win32.Build.0 = Debug|Win32
		{C7E295B1-0AA2-4B15-927F-89E725474860}.Release|Win32.ActiveCfg = Release|Win32
		{C7E295B1-0AA2-4B15-927F-89E725474860}.Release|Win32.Build.0 = Release|Win32
	EndGlobalSection
	GlobalSection(SolutionProperties) = preSolution
		HideSolutionNode = FALSE
	EndGlobalSection
	GlobalSection(ExtensibilityGlobals) = postSolution
		SolutionGuid = {4E7F202E-5E73-4A57-9D76-8DFED8304465}
	EndGlobalSection
EndGlobal
